# This file is automatically @generated by Cargo.
# It is not intended for manual editing.
[[package]]
name = "libc"
version = "0.2.71"
source = "registry+https://github.com/rust-lang/crates.io-index"
checksum = "9457b06509d27052635f90d6466700c65095fdf75409b3fbdd903e988b886f49"

[[package]]
name = "macsmc"
version = "0.1.3"
dependencies = [
 "libc",
]

[[package]]
name = "macsmc"
version = "0.1.3"
source = "registry+https://github.com/rust-lang/crates.io-index"
checksum = "606551716c534271fb810b8eccb4890650eed44fa88d20862a584f67057ab19c"
dependencies = [
 "libc",
]

[[package]]
name = "macstats"
version = "0.1.1"
dependencies = [
 "macsmc 0.1.3 (registry+https://github.com/rust-lang/crates.io-index)",
]
