# This file is automatically @generated by Cargo.
# It is not intended for manual editing.
[[package]]
name = "libc"
version = "0.2.71"
source = "registry+https://github.com/rust-lang/crates.io-index"
checksum = "9457b06509d27052635f90d6466700c65095fdf75409b3fbdd903e988b886f49"

[[package]]
name = "macsmc"
version = "0.1.2"
dependencies = [
 "libc",
]

[[package]]
name = "macsmc"
version = "0.1.2"
source = "registry+https://github.com/rust-lang/crates.io-index"
checksum = "5cbbd3d3e7d2202a7bb365ed884c889312694692ab045e8ae9d055206fd49987"
dependencies = [
 "libc",
]

[[package]]
name = "macstats"
version = "0.1.0"
dependencies = [
 "macsmc 0.1.2 (registry+https://github.com/rust-lang/crates.io-index)",
]
